
Microsoft Visual Studio Solution File, Format Version 12.00
# Visual Studio 15
VisualStudioVersion = 15.0.27130.2010
MinimumVisualStudioVersion = 10.0.40219.1
Project("{2150E333-8FDC-42A3-9474-1A3956D46DE8}") = "UnsignedReferencedAssembly", "UnsignedReferencedAssembly", "{26B2461E-BF02-4B3B-A89A-2B867978DAD0}"
EndProject
Project("{FAE04EC0-301F-11D3-BF4B-00C04F79EFBC}") = "BaseClassLibrary", "UnsignedReferencedAssembly\BaseClassLibrary\BaseClassLibrary.csproj", "{DD1BB44F-DF93-4695-908D-06178D6AD8E2}"
EndProject
Project("{FAE04EC0-301F-11D3-BF4B-00C04F79EFBC}") = "ChildClassLibrary1000", "UnsignedReferencedAssembly\ChildClassLibrary1000\ChildClassLibrary1000.csproj", "{436CA113-DAB9-42B2-8B3D-BBBCB79B6A51}"
EndProject
Project("{FAE04EC0-301F-11D3-BF4B-00C04F79EFBC}") = "ChildClassLibrary1010", "UnsignedReferencedAssembly\ChildClassLibrary1010\ChildClassLibrary1010.csproj", "{22D47A45-5B78-4485-86AC-D61646090318}"
EndProject
Project("{FAE04EC0-301F-11D3-BF4B-00C04F79EFBC}") = "ChildClassLibrary2000", "UnsignedReferencedAssembly\ChildClassLibrary2000\ChildClassLibrary2000.csproj", "{08D9FB57-C979-4D1B-AF6F-27AFB1F500DD}"
EndProject
Project("{FAE04EC0-301F-11D3-BF4B-00C04F79EFBC}") = "ReferencedAssembly10x0App", "UnsignedReferencedAssembly\ReferencedAssembly10x0App\ReferencedAssembly10x0App.csproj", "{040FB2E0-6686-412B-9221-24F579E2B9D4}"
EndProject
Project("{FAE04EC0-301F-11D3-BF4B-00C04F79EFBC}") = "ReferencedAssembly20x0App", "UnsignedReferencedAssembly\ReferencedAssembly20x0App\ReferencedAssembly20x0App.csproj", "{3297D60A-8945-4ADD-A420-6CC46C0F55B1}"
EndProject
Project("{2150E333-8FDC-42A3-9474-1A3956D46DE8}") = "SignedReferencedAssembly", "SignedReferencedAssembly", "{9D783278-AF9A-41B0-A4DB-BC4D5B24393B}"
EndProject
Project("{FAE04EC0-301F-11D3-BF4B-00C04F79EFBC}") = "BaseClassLibrary", "SignedReferencedAssembly\BaseClassLibrary\BaseClassLibrary.csproj", "{DF6940B7-F8BE-464E-A9A6-673855977DEE}"
EndProject
Project("{FAE04EC0-301F-11D3-BF4B-00C04F79EFBC}") = "ChildClassLibrary1000", "SignedReferencedAssembly\ChildClassLibrary1000\ChildClassLibrary1000.csproj", "{8EC30765-3012-4128-A934-D0D951F6C11D}"
EndProject
Project("{FAE04EC0-301F-11D3-BF4B-00C04F79EFBC}") = "ChildClassLibrary1010", "SignedReferencedAssembly\ChildClassLibrary1010\ChildClassLibrary1010.csproj", "{86DC7644-7008-4A5F-8BF6-728D84CD29FF}"
EndProject
Project("{FAE04EC0-301F-11D3-BF4B-00C04F79EFBC}") = "ChildClassLibrary2000", "SignedReferencedAssembly\ChildClassLibrary2000\ChildClassLibrary2000.csproj", "{802BAFDE-ECCC-48A2-ACFE-5EF96B9F3D06}"
EndProject
Project("{FAE04EC0-301F-11D3-BF4B-00C04F79EFBC}") = "ReferencedAssembly10x0App", "SignedReferencedAssembly\ReferencedAssembly10x0App\ReferencedAssembly10x0App.csproj", "{7B6E2721-3A6B-490C-944F-076F00E53B85}"
EndProject
Project("{FAE04EC0-301F-11D3-BF4B-00C04F79EFBC}") = "ReferencedAssembly20x0App", "SignedReferencedAssembly\ReferencedAssembly20x0App\ReferencedAssembly20x0App.csproj", "{7059405D-C71F-4A2D-859D-FB8C5BF1B0D6}"
EndProject
Project("{2150E333-8FDC-42A3-9474-1A3956D46DE8}") = "SignedReferencedNuget", "SignedReferencedNuget", "{9A1ADA45-7D97-4332-966C-AF4B857C147A}"
EndProject
Project("{2150E333-8FDC-42A3-9474-1A3956D46DE8}") = "NuGet", "NuGet", "{54FB452F-50CD-487A-943F-61A6B1878A2A}"
EndProject
Project("{2150E333-8FDC-42A3-9474-1A3956D46DE8}") = "UnsignedNuGetAssemblies", "UnsignedNuGetAssemblies", "{D406B4FC-5B16-4714-AEB2-77EA58657106}"
EndProject
Project("{FAE04EC0-301F-11D3-BF4B-00C04F79EFBC}") = "NuGetDependencyClassLibrary", "NuGet\UnsignedNuGetAssemblies\NuGetDependencyClassLibrary\NuGetDependencyClassLibrary.csproj", "{70F114FE-F8AD-4BFC-AC4B-19CD8A683181}"
EndProject
Project("{FAE04EC0-301F-11D3-BF4B-00C04F79EFBC}") = "NuGetMainClassLibrary", "NuGet\UnsignedNuGetAssemblies\NuGetMainClassLibrary\NuGetMainClassLibrary.csproj", "{02622829-A812-458D-B658-0A21A35BEE76}"
EndProject
Project("{FAE04EC0-301F-11D3-BF4B-00C04F79EFBC}") = "ClassLibraryA", "NuGet\UnsignedNuGetAssemblies\ClassLibraryA\ClassLibraryA.csproj", "{CAC2400F-5D5C-4055-9553-E735B6613E8D}"
EndProject
Project("{FAE04EC0-301F-11D3-BF4B-00C04F79EFBC}") = "ClassLibraryB", "NuGet\UnsignedNuGetAssemblies\ClassLibraryB\ClassLibraryB.csproj", "{EB5109C7-75A5-4ECF-9ADF-EEBD78F4E225}"
EndProject
Project("{FAE04EC0-301F-11D3-BF4B-00C04F79EFBC}") = "MainABConsoleApp", "NuGet\UnsignedNuGetAssemblies\MainABConsoleApp\MainABConsoleApp.csproj", "{AA1DC211-820D-4CBD-815E-88C7CA74D253}"
EndProject
Project("{2150E333-8FDC-42A3-9474-1A3956D46DE8}") = "SignedNuGetAssemblies", "SignedNuGetAssemblies", "{EB50EE41-1EC2-49F6-8CAA-32B2123CD4C9}"
EndProject
Project("{FAE04EC0-301F-11D3-BF4B-00C04F79EFBC}") = "NuGetSignedDependencyClassLibrary", "NuGet\SignedNuGetAssemblies\NuGetSignedDependencyClassLibrary\NuGetSignedDependencyClassLibrary.csproj", "{BB5CED83-38FA-4751-82DB-93206669385A}"
EndProject
Project("{FAE04EC0-301F-11D3-BF4B-00C04F79EFBC}") = "NuGetSignedMainClassLibrary", "NuGet\SignedNuGetAssemblies\NuGetSignedMainClassLibrary\NuGetSignedMainClassLibrary.csproj", "{22FFD049-D15E-4C2F-8571-51EC95BF45E1}"
EndProject
Project("{FAE04EC0-301F-11D3-BF4B-00C04F79EFBC}") = "DirectNuGetUsingMainApp", "NuGet\SignedNuGetAssemblies\DirectNuGetUsingMainApp\DirectNuGetUsingMainApp.csproj", "{559F400A-BEA8-40F9-A33C-58883CAA50CC}"
EndProject
Project("{FAE04EC0-301F-11D3-BF4B-00C04F79EFBC}") = "ClassLibraryForSignedNuGetA", "NuGet\SignedNuGetAssemblies\ClassLibraryForSignedNuGetA\ClassLibraryForSignedNuGetA.csproj", "{020AD469-125D-464C-8BE8-EB7BE389C3AA}"
EndProject
Project("{FAE04EC0-301F-11D3-BF4B-00C04F79EFBC}") = "ClassLibraryForSignedNuGetB", "NuGet\SignedNuGetAssemblies\ClassLibraryForSignedNuGetB\ClassLibraryForSignedNuGetB.csproj", "{789D97D1-62B6-4F76-8432-A1AE66E0C906}"
EndProject
Project("{FAE04EC0-301F-11D3-BF4B-00C04F79EFBC}") = "MainAppForSignedNuGet", "NuGet\SignedNuGetAssemblies\MainAppForSignedNuGet\MainAppForSignedNuGet.csproj", "{EA8275EC-85FD-4A05-8E6B-A4C77B672E3F}"
EndProject
Project("{2150E333-8FDC-42A3-9474-1A3956D46DE8}") = "ReferencedAsssemblies", "ReferencedAsssemblies", "{EFE91959-85B1-4400-8EA2-034C5DBEAC06}"
EndProject
Project("{FAE04EC0-301F-11D3-BF4B-00C04F79EFBC}") = "ClassLibraryA", "NuGet\SignedNuGetAssemblies\ReferencedAsssemblies\ClassLibraryA\ClassLibraryA.csproj", "{1D75F5B9-99F9-46EF-BD94-9270997E1846}"
EndProject
Project("{FAE04EC0-301F-11D3-BF4B-00C04F79EFBC}") = "ClassLibraryB", "NuGet\SignedNuGetAssemblies\ReferencedAsssemblies\ClassLibraryB\ClassLibraryB.csproj", "{DD88E114-C10A-4522-9B65-96B5297FF685}"
EndProject
Project("{FAE04EC0-301F-11D3-BF4B-00C04F79EFBC}") = "MainABConsoleApp", "NuGet\SignedNuGetAssemblies\ReferencedAsssemblies\MainABConsoleApp\MainABConsoleApp.csproj", "{BC03D05D-D4B5-4EDC-825D-8EA75D34D7D9}"
EndProject
Project("{FAE04EC0-301F-11D3-BF4B-00C04F79EFBC}") = "NuGetSignedMainClassLibraryB", "NuGet\SignedNuGetAssemblies\NuGetSignedMainClassLibraryB\NuGetSignedMainClassLibraryB.csproj", "{6E393EBF-DAD6-4BB9-B8C9-72C25FA695F0}"
EndProject
Project("{FAE04EC0-301F-11D3-BF4B-00C04F79EFBC}") = "ClassLibraryC", "NuGet\SignedNuGetAssemblies\ReferencedAsssemblies\ClassLibraryC\ClassLibraryC.csproj", "{505A91C5-227D-4DB8-8A64-45BE8C7880A9}"
EndProject
Global
	GlobalSection(SolutionConfigurationPlatforms) = preSolution
		Debug|Any CPU = Debug|Any CPU
		Release|Any CPU = Release|Any CPU
	EndGlobalSection
	GlobalSection(ProjectConfigurationPlatforms) = postSolution
		{DD1BB44F-DF93-4695-908D-06178D6AD8E2}.Debug|Any CPU.ActiveCfg = Debug|Any CPU
		{DD1BB44F-DF93-4695-908D-06178D6AD8E2}.Debug|Any CPU.Build.0 = Debug|Any CPU
		{DD1BB44F-DF93-4695-908D-06178D6AD8E2}.Release|Any CPU.ActiveCfg = Release|Any CPU
		{DD1BB44F-DF93-4695-908D-06178D6AD8E2}.Release|Any CPU.Build.0 = Release|Any CPU
		{436CA113-DAB9-42B2-8B3D-BBBCB79B6A51}.Debug|Any CPU.ActiveCfg = Debug|Any CPU
		{436CA113-DAB9-42B2-8B3D-BBBCB79B6A51}.Debug|Any CPU.Build.0 = Debug|Any CPU
		{436CA113-DAB9-42B2-8B3D-BBBCB79B6A51}.Release|Any CPU.ActiveCfg = Release|Any CPU
		{436CA113-DAB9-42B2-8B3D-BBBCB79B6A51}.Release|Any CPU.Build.0 = Release|Any CPU
		{22D47A45-5B78-4485-86AC-D61646090318}.Debug|Any CPU.ActiveCfg = Debug|Any CPU
		{22D47A45-5B78-4485-86AC-D61646090318}.Debug|Any CPU.Build.0 = Debug|Any CPU
		{22D47A45-5B78-4485-86AC-D61646090318}.Release|Any CPU.ActiveCfg = Release|Any CPU
		{22D47A45-5B78-4485-86AC-D61646090318}.Release|Any CPU.Build.0 = Release|Any CPU
		{08D9FB57-C979-4D1B-AF6F-27AFB1F500DD}.Debug|Any CPU.ActiveCfg = Debug|Any CPU
		{08D9FB57-C979-4D1B-AF6F-27AFB1F500DD}.Debug|Any CPU.Build.0 = Debug|Any CPU
		{08D9FB57-C979-4D1B-AF6F-27AFB1F500DD}.Release|Any CPU.ActiveCfg = Release|Any CPU
		{08D9FB57-C979-4D1B-AF6F-27AFB1F500DD}.Release|Any CPU.Build.0 = Release|Any CPU
		{040FB2E0-6686-412B-9221-24F579E2B9D4}.Debug|Any CPU.ActiveCfg = Debug|Any CPU
		{040FB2E0-6686-412B-9221-24F579E2B9D4}.Debug|Any CPU.Build.0 = Debug|Any CPU
		{040FB2E0-6686-412B-9221-24F579E2B9D4}.Release|Any CPU.ActiveCfg = Release|Any CPU
		{040FB2E0-6686-412B-9221-24F579E2B9D4}.Release|Any CPU.Build.0 = Release|Any CPU
		{3297D60A-8945-4ADD-A420-6CC46C0F55B1}.Debug|Any CPU.ActiveCfg = Debug|Any CPU
		{3297D60A-8945-4ADD-A420-6CC46C0F55B1}.Debug|Any CPU.Build.0 = Debug|Any CPU
		{3297D60A-8945-4ADD-A420-6CC46C0F55B1}.Release|Any CPU.ActiveCfg = Release|Any CPU
		{3297D60A-8945-4ADD-A420-6CC46C0F55B1}.Release|Any CPU.Build.0 = Release|Any CPU
		{DF6940B7-F8BE-464E-A9A6-673855977DEE}.Debug|Any CPU.ActiveCfg = Debug|Any CPU
		{DF6940B7-F8BE-464E-A9A6-673855977DEE}.Debug|Any CPU.Build.0 = Debug|Any CPU
		{DF6940B7-F8BE-464E-A9A6-673855977DEE}.Release|Any CPU.ActiveCfg = Release|Any CPU
		{DF6940B7-F8BE-464E-A9A6-673855977DEE}.Release|Any CPU.Build.0 = Release|Any CPU
		{8EC30765-3012-4128-A934-D0D951F6C11D}.Debug|Any CPU.ActiveCfg = Debug|Any CPU
		{8EC30765-3012-4128-A934-D0D951F6C11D}.Debug|Any CPU.Build.0 = Debug|Any CPU
		{8EC30765-3012-4128-A934-D0D951F6C11D}.Release|Any CPU.ActiveCfg = Release|Any CPU
		{8EC30765-3012-4128-A934-D0D951F6C11D}.Release|Any CPU.Build.0 = Release|Any CPU
		{86DC7644-7008-4A5F-8BF6-728D84CD29FF}.Debug|Any CPU.ActiveCfg = Debug|Any CPU
		{86DC7644-7008-4A5F-8BF6-728D84CD29FF}.Debug|Any CPU.Build.0 = Debug|Any CPU
		{86DC7644-7008-4A5F-8BF6-728D84CD29FF}.Release|Any CPU.ActiveCfg = Release|Any CPU
		{86DC7644-7008-4A5F-8BF6-728D84CD29FF}.Release|Any CPU.Build.0 = Release|Any CPU
		{802BAFDE-ECCC-48A2-ACFE-5EF96B9F3D06}.Debug|Any CPU.ActiveCfg = Debug|Any CPU
		{802BAFDE-ECCC-48A2-ACFE-5EF96B9F3D06}.Debug|Any CPU.Build.0 = Debug|Any CPU
		{802BAFDE-ECCC-48A2-ACFE-5EF96B9F3D06}.Release|Any CPU.ActiveCfg = Release|Any CPU
		{802BAFDE-ECCC-48A2-ACFE-5EF96B9F3D06}.Release|Any CPU.Build.0 = Release|Any CPU
		{7B6E2721-3A6B-490C-944F-076F00E53B85}.Debug|Any CPU.ActiveCfg = Debug|Any CPU
		{7B6E2721-3A6B-490C-944F-076F00E53B85}.Debug|Any CPU.Build.0 = Debug|Any CPU
		{7B6E2721-3A6B-490C-944F-076F00E53B85}.Release|Any CPU.ActiveCfg = Release|Any CPU
		{7B6E2721-3A6B-490C-944F-076F00E53B85}.Release|Any CPU.Build.0 = Release|Any CPU
		{7059405D-C71F-4A2D-859D-FB8C5BF1B0D6}.Debug|Any CPU.ActiveCfg = Debug|Any CPU
		{7059405D-C71F-4A2D-859D-FB8C5BF1B0D6}.Debug|Any CPU.Build.0 = Debug|Any CPU
		{7059405D-C71F-4A2D-859D-FB8C5BF1B0D6}.Release|Any CPU.ActiveCfg = Release|Any CPU
		{7059405D-C71F-4A2D-859D-FB8C5BF1B0D6}.Release|Any CPU.Build.0 = Release|Any CPU
		{70F114FE-F8AD-4BFC-AC4B-19CD8A683181}.Debug|Any CPU.ActiveCfg = Debug|Any CPU
		{70F114FE-F8AD-4BFC-AC4B-19CD8A683181}.Debug|Any CPU.Build.0 = Debug|Any CPU
		{70F114FE-F8AD-4BFC-AC4B-19CD8A683181}.Release|Any CPU.ActiveCfg = Release|Any CPU
		{70F114FE-F8AD-4BFC-AC4B-19CD8A683181}.Release|Any CPU.Build.0 = Release|Any CPU
		{02622829-A812-458D-B658-0A21A35BEE76}.Debug|Any CPU.ActiveCfg = Debug|Any CPU
		{02622829-A812-458D-B658-0A21A35BEE76}.Debug|Any CPU.Build.0 = Debug|Any CPU
		{02622829-A812-458D-B658-0A21A35BEE76}.Release|Any CPU.ActiveCfg = Release|Any CPU
		{02622829-A812-458D-B658-0A21A35BEE76}.Release|Any CPU.Build.0 = Release|Any CPU
		{CAC2400F-5D5C-4055-9553-E735B6613E8D}.Debug|Any CPU.ActiveCfg = Debug|Any CPU
		{CAC2400F-5D5C-4055-9553-E735B6613E8D}.Debug|Any CPU.Build.0 = Debug|Any CPU
		{CAC2400F-5D5C-4055-9553-E735B6613E8D}.Release|Any CPU.ActiveCfg = Release|Any CPU
		{CAC2400F-5D5C-4055-9553-E735B6613E8D}.Release|Any CPU.Build.0 = Release|Any CPU
		{EB5109C7-75A5-4ECF-9ADF-EEBD78F4E225}.Debug|Any CPU.ActiveCfg = Debug|Any CPU
		{EB5109C7-75A5-4ECF-9ADF-EEBD78F4E225}.Debug|Any CPU.Build.0 = Debug|Any CPU
		{EB5109C7-75A5-4ECF-9ADF-EEBD78F4E225}.Release|Any CPU.ActiveCfg = Release|Any CPU
		{EB5109C7-75A5-4ECF-9ADF-EEBD78F4E225}.Release|Any CPU.Build.0 = Release|Any CPU
		{AA1DC211-820D-4CBD-815E-88C7CA74D253}.Debug|Any CPU.ActiveCfg = Debug|Any CPU
		{AA1DC211-820D-4CBD-815E-88C7CA74D253}.Debug|Any CPU.Build.0 = Debug|Any CPU
		{AA1DC211-820D-4CBD-815E-88C7CA74D253}.Release|Any CPU.ActiveCfg = Release|Any CPU
		{AA1DC211-820D-4CBD-815E-88C7CA74D253}.Release|Any CPU.Build.0 = Release|Any CPU
		{BB5CED83-38FA-4751-82DB-93206669385A}.Debug|Any CPU.ActiveCfg = Debug|Any CPU
		{BB5CED83-38FA-4751-82DB-93206669385A}.Debug|Any CPU.Build.0 = Debug|Any CPU
		{BB5CED83-38FA-4751-82DB-93206669385A}.Release|Any CPU.ActiveCfg = Release|Any CPU
		{BB5CED83-38FA-4751-82DB-93206669385A}.Release|Any CPU.Build.0 = Release|Any CPU
		{22FFD049-D15E-4C2F-8571-51EC95BF45E1}.Debug|Any CPU.ActiveCfg = Debug|Any CPU
		{22FFD049-D15E-4C2F-8571-51EC95BF45E1}.Debug|Any CPU.Build.0 = Debug|Any CPU
		{22FFD049-D15E-4C2F-8571-51EC95BF45E1}.Release|Any CPU.ActiveCfg = Release|Any CPU
		{22FFD049-D15E-4C2F-8571-51EC95BF45E1}.Release|Any CPU.Build.0 = Release|Any CPU
		{559F400A-BEA8-40F9-A33C-58883CAA50CC}.Debug|Any CPU.ActiveCfg = Debug|Any CPU
		{559F400A-BEA8-40F9-A33C-58883CAA50CC}.Debug|Any CPU.Build.0 = Debug|Any CPU
		{559F400A-BEA8-40F9-A33C-58883CAA50CC}.Release|Any CPU.ActiveCfg = Release|Any CPU
		{559F400A-BEA8-40F9-A33C-58883CAA50CC}.Release|Any CPU.Build.0 = Release|Any CPU
		{020AD469-125D-464C-8BE8-EB7BE389C3AA}.Debug|Any CPU.ActiveCfg = Debug|Any CPU
		{020AD469-125D-464C-8BE8-EB7BE389C3AA}.Debug|Any CPU.Build.0 = Debug|Any CPU
		{020AD469-125D-464C-8BE8-EB7BE389C3AA}.Release|Any CPU.ActiveCfg = Release|Any CPU
		{020AD469-125D-464C-8BE8-EB7BE389C3AA}.Release|Any CPU.Build.0 = Release|Any CPU
		{789D97D1-62B6-4F76-8432-A1AE66E0C906}.Debug|Any CPU.ActiveCfg = Debug|Any CPU
		{789D97D1-62B6-4F76-8432-A1AE66E0C906}.Debug|Any CPU.Build.0 = Debug|Any CPU
		{789D97D1-62B6-4F76-8432-A1AE66E0C906}.Release|Any CPU.ActiveCfg = Release|Any CPU
		{789D97D1-62B6-4F76-8432-A1AE66E0C906}.Release|Any CPU.Build.0 = Release|Any CPU
		{EA8275EC-85FD-4A05-8E6B-A4C77B672E3F}.Debug|Any CPU.ActiveCfg = Debug|Any CPU
		{EA8275EC-85FD-4A05-8E6B-A4C77B672E3F}.Debug|Any CPU.Build.0 = Debug|Any CPU
		{EA8275EC-85FD-4A05-8E6B-A4C77B672E3F}.Release|Any CPU.ActiveCfg = Release|Any CPU
		{EA8275EC-85FD-4A05-8E6B-A4C77B672E3F}.Release|Any CPU.Build.0 = Release|Any CPU
		{1D75F5B9-99F9-46EF-BD94-9270997E1846}.Debug|Any CPU.ActiveCfg = Debug|Any CPU
		{1D75F5B9-99F9-46EF-BD94-9270997E1846}.Debug|Any CPU.Build.0 = Debug|Any CPU
		{1D75F5B9-99F9-46EF-BD94-9270997E1846}.Release|Any CPU.ActiveCfg = Release|Any CPU
		{1D75F5B9-99F9-46EF-BD94-9270997E1846}.Release|Any CPU.Build.0 = Release|Any CPU
		{DD88E114-C10A-4522-9B65-96B5297FF685}.Debug|Any CPU.ActiveCfg = Debug|Any CPU
		{DD88E114-C10A-4522-9B65-96B5297FF685}.Debug|Any CPU.Build.0 = Debug|Any CPU
		{DD88E114-C10A-4522-9B65-96B5297FF685}.Release|Any CPU.ActiveCfg = Release|Any CPU
		{DD88E114-C10A-4522-9B65-96B5297FF685}.Release|Any CPU.Build.0 = Release|Any CPU
		{BC03D05D-D4B5-4EDC-825D-8EA75D34D7D9}.Debug|Any CPU.ActiveCfg = Debug|Any CPU
		{BC03D05D-D4B5-4EDC-825D-8EA75D34D7D9}.Debug|Any CPU.Build.0 = Debug|Any CPU
		{BC03D05D-D4B5-4EDC-825D-8EA75D34D7D9}.Release|Any CPU.ActiveCfg = Release|Any CPU
		{BC03D05D-D4B5-4EDC-825D-8EA75D34D7D9}.Release|Any CPU.Build.0 = Release|Any CPU
		{6E393EBF-DAD6-4BB9-B8C9-72C25FA695F0}.Debug|Any CPU.ActiveCfg = Debug|Any CPU
		{6E393EBF-DAD6-4BB9-B8C9-72C25FA695F0}.Debug|Any CPU.Build.0 = Debug|Any CPU
		{6E393EBF-DAD6-4BB9-B8C9-72C25FA695F0}.Release|Any CPU.ActiveCfg = Release|Any CPU
		{6E393EBF-DAD6-4BB9-B8C9-72C25FA695F0}.Release|Any CPU.Build.0 = Release|Any CPU
		{505A91C5-227D-4DB8-8A64-45BE8C7880A9}.Debug|Any CPU.ActiveCfg = Debug|Any CPU
		{505A91C5-227D-4DB8-8A64-45BE8C7880A9}.Debug|Any CPU.Build.0 = Debug|Any CPU
		{505A91C5-227D-4DB8-8A64-45BE8C7880A9}.Release|Any CPU.ActiveCfg = Release|Any CPU
		{505A91C5-227D-4DB8-8A64-45BE8C7880A9}.Release|Any CPU.Build.0 = Release|Any CPU
	EndGlobalSection
	GlobalSection(SolutionProperties) = preSolution
		HideSolutionNode = FALSE
	EndGlobalSection
	GlobalSection(NestedProjects) = preSolution
		{DD1BB44F-DF93-4695-908D-06178D6AD8E2} = {26B2461E-BF02-4B3B-A89A-2B867978DAD0}
		{436CA113-DAB9-42B2-8B3D-BBBCB79B6A51} = {26B2461E-BF02-4B3B-A89A-2B867978DAD0}
		{22D47A45-5B78-4485-86AC-D61646090318} = {26B2461E-BF02-4B3B-A89A-2B867978DAD0}
		{08D9FB57-C979-4D1B-AF6F-27AFB1F500DD} = {26B2461E-BF02-4B3B-A89A-2B867978DAD0}
		{040FB2E0-6686-412B-9221-24F579E2B9D4} = {26B2461E-BF02-4B3B-A89A-2B867978DAD0}
		{3297D60A-8945-4ADD-A420-6CC46C0F55B1} = {26B2461E-BF02-4B3B-A89A-2B867978DAD0}
		{DF6940B7-F8BE-464E-A9A6-673855977DEE} = {9D783278-AF9A-41B0-A4DB-BC4D5B24393B}
		{8EC30765-3012-4128-A934-D0D951F6C11D} = {9D783278-AF9A-41B0-A4DB-BC4D5B24393B}
		{86DC7644-7008-4A5F-8BF6-728D84CD29FF} = {9D783278-AF9A-41B0-A4DB-BC4D5B24393B}
		{802BAFDE-ECCC-48A2-ACFE-5EF96B9F3D06} = {9D783278-AF9A-41B0-A4DB-BC4D5B24393B}
		{7B6E2721-3A6B-490C-944F-076F00E53B85} = {9D783278-AF9A-41B0-A4DB-BC4D5B24393B}
		{7059405D-C71F-4A2D-859D-FB8C5BF1B0D6} = {9D783278-AF9A-41B0-A4DB-BC4D5B24393B}
		{D406B4FC-5B16-4714-AEB2-77EA58657106} = {54FB452F-50CD-487A-943F-61A6B1878A2A}
		{70F114FE-F8AD-4BFC-AC4B-19CD8A683181} = {D406B4FC-5B16-4714-AEB2-77EA58657106}
		{02622829-A812-458D-B658-0A21A35BEE76} = {D406B4FC-5B16-4714-AEB2-77EA58657106}
		{CAC2400F-5D5C-4055-9553-E735B6613E8D} = {D406B4FC-5B16-4714-AEB2-77EA58657106}
		{EB5109C7-75A5-4ECF-9ADF-EEBD78F4E225} = {D406B4FC-5B16-4714-AEB2-77EA58657106}
		{AA1DC211-820D-4CBD-815E-88C7CA74D253} = {D406B4FC-5B16-4714-AEB2-77EA58657106}
		{EB50EE41-1EC2-49F6-8CAA-32B2123CD4C9} = {54FB452F-50CD-487A-943F-61A6B1878A2A}
		{BB5CED83-38FA-4751-82DB-93206669385A} = {EB50EE41-1EC2-49F6-8CAA-32B2123CD4C9}
		{22FFD049-D15E-4C2F-8571-51EC95BF45E1} = {EB50EE41-1EC2-49F6-8CAA-32B2123CD4C9}
		{559F400A-BEA8-40F9-A33C-58883CAA50CC} = {EB50EE41-1EC2-49F6-8CAA-32B2123CD4C9}
		{020AD469-125D-464C-8BE8-EB7BE389C3AA} = {EB50EE41-1EC2-49F6-8CAA-32B2123CD4C9}
		{789D97D1-62B6-4F76-8432-A1AE66E0C906} = {EB50EE41-1EC2-49F6-8CAA-32B2123CD4C9}
		{EA8275EC-85FD-4A05-8E6B-A4C77B672E3F} = {EB50EE41-1EC2-49F6-8CAA-32B2123CD4C9}
		{EFE91959-85B1-4400-8EA2-034C5DBEAC06} = {EB50EE41-1EC2-49F6-8CAA-32B2123CD4C9}
		{1D75F5B9-99F9-46EF-BD94-9270997E1846} = {EFE91959-85B1-4400-8EA2-034C5DBEAC06}
		{DD88E114-C10A-4522-9B65-96B5297FF685} = {EFE91959-85B1-4400-8EA2-034C5DBEAC06}
		{BC03D05D-D4B5-4EDC-825D-8EA75D34D7D9} = {EFE91959-85B1-4400-8EA2-034C5DBEAC06}
		{6E393EBF-DAD6-4BB9-B8C9-72C25FA695F0} = {EB50EE41-1EC2-49F6-8CAA-32B2123CD4C9}
		{505A91C5-227D-4DB8-8A64-45BE8C7880A9} = {EFE91959-85B1-4400-8EA2-034C5DBEAC06}
	EndGlobalSection
	GlobalSection(ExtensibilityGlobals) = postSolution
		SolutionGuid = {7C8AB99F-38F5-4A13-8B02-90D3344BD878}
	EndGlobalSection
EndGlobal
